
Microsoft Visual Studio Solution File, Format Version 12.00
# Visual Studio Version 16
VisualStudioVersion = 16.0.29102.190
MinimumVisualStudioVersion = 10.0.40219.1
Project("{9A19103F-16F7-4668-BE54-9A1E7A4F7556}") = "RateLimit.WebUI", "RateLimit.WebUI\RateLimit.WebUI.csproj", "{CC82D6B1-F327-47B9-813A-13F3007AA163}"
EndProject
Project("{9A19103F-16F7-4668-BE54-9A1E7A4F7556}") = "Utils", "Utils\Utils.csproj", "{7BFDB529-B852-48B3-B9AF-5CFA3E1B1018}"
EndProject
Project("{9A19103F-16F7-4668-BE54-9A1E7A4F7556}") = "RateLimit.BLL", "RateLimit.BLL\RateLimit.BLL.csproj", "{A30738B4-E006-465A-9CCA-2092145056E8}"
EndProject
Project("{FAE04EC0-301F-11D3-BF4B-00C04F79EFBC}") = "RateLimit.DAL", "RateLimit.DAL\RateLimit.DAL.csproj", "{B09B9DAA-31F5-44FA-B270-3D30884988B2}"
EndProject
Global
	GlobalSection(SolutionConfigurationPlatforms) = preSolution
		Debug|Any CPU = Debug|Any CPU
		Release|Any CPU = Release|Any CPU
	EndGlobalSection
	GlobalSection(ProjectConfigurationPlatforms) = postSolution
		{CC82D6B1-F327-47B9-813A-13F3007AA163}.Debug|Any CPU.ActiveCfg = Debug|Any CPU
		{CC82D6B1-F327-47B9-813A-13F3007AA163}.Debug|Any CPU.Build.0 = Debug|Any CPU
		{CC82D6B1-F327-47B9-813A-13F3007AA163}.Release|Any CPU.ActiveCfg = Release|Any CPU
		{CC82D6B1-F327-47B9-813A-13F3007AA163}.Release|Any CPU.Build.0 = Release|Any CPU
		{7BFDB529-B852-48B3-B9AF-5CFA3E1B1018}.Debug|Any CPU.ActiveCfg = Debug|Any CPU
		{7BFDB529-B852-48B3-B9AF-5CFA3E1B1018}.Debug|Any CPU.Build.0 = Debug|Any CPU
		{7BFDB529-B852-48B3-B9AF-5CFA3E1B1018}.Release|Any CPU.ActiveCfg = Release|Any CPU
		{7BFDB529-B852-48B3-B9AF-5CFA3E1B1018}.Release|Any CPU.Build.0 = Release|Any CPU
		{A30738B4-E006-465A-9CCA-2092145056E8}.Debug|Any CPU.ActiveCfg = Debug|Any CPU
		{A30738B4-E006-465A-9CCA-2092145056E8}.Debug|Any CPU.Build.0 = Debug|Any CPU
		{A30738B4-E006-465A-9CCA-2092145056E8}.Release|Any CPU.ActiveCfg = Release|Any CPU
		{A30738B4-E006-465A-9CCA-2092145056E8}.Release|Any CPU.Build.0 = Release|Any CPU
		{B09B9DAA-31F5-44FA-B270-3D30884988B2}.Debug|Any CPU.ActiveCfg = Debug|Any CPU
		{B09B9DAA-31F5-44FA-B270-3D30884988B2}.Debug|Any CPU.Build.0 = Debug|Any CPU
		{B09B9DAA-31F5-44FA-B270-3D30884988B2}.Release|Any CPU.ActiveCfg = Release|Any CPU
		{B09B9DAA-31F5-44FA-B270-3D30884988B2}.Release|Any CPU.Build.0 = Release|Any CPU
	EndGlobalSection
	GlobalSection(SolutionProperties) = preSolution
		HideSolutionNode = FALSE
	EndGlobalSection
	GlobalSection(ExtensibilityGlobals) = postSolution
		SolutionGuid = {F9D6B0E5-57C2-41DA-A41D-C3814A105EA4}
	EndGlobalSection
EndGlobal
