
Microsoft Visual Studio Solution File, Format Version 12.00
# Visual Studio Version 16
VisualStudioVersion = 16.0.29102.190
MinimumVisualStudioVersion = 10.0.40219.1
Project("{9A19103F-16F7-4668-BE54-9A1E7A4F7556}") = "JsonFormatter.WebUI", "JsonFormatter.WebUI\JsonFormatter.WebUI.csproj", "{1EF346E6-9E7F-47C7-A099-38DEECEE23E9}"
EndProject
Project("{FAE04EC0-301F-11D3-BF4B-00C04F79EFBC}") = "JsonFormatter.DAL", "JsonFormatter.DAL\JsonFormatter.DAL.csproj", "{8C78FCC6-3511-4E73-8D7D-ADE22ED12195}"
EndProject
Global
	GlobalSection(SolutionConfigurationPlatforms) = preSolution
		Debug|Any CPU = Debug|Any CPU
		Release|Any CPU = Release|Any CPU
	EndGlobalSection
	GlobalSection(ProjectConfigurationPlatforms) = postSolution
		{1EF346E6-9E7F-47C7-A099-38DEECEE23E9}.Debug|Any CPU.ActiveCfg = Debug|Any CPU
		{1EF346E6-9E7F-47C7-A099-38DEECEE23E9}.Debug|Any CPU.Build.0 = Debug|Any CPU
		{1EF346E6-9E7F-47C7-A099-38DEECEE23E9}.Release|Any CPU.ActiveCfg = Release|Any CPU
		{1EF346E6-9E7F-47C7-A099-38DEECEE23E9}.Release|Any CPU.Build.0 = Release|Any CPU
		{8C78FCC6-3511-4E73-8D7D-ADE22ED12195}.Debug|Any CPU.ActiveCfg = Debug|Any CPU
		{8C78FCC6-3511-4E73-8D7D-ADE22ED12195}.Debug|Any CPU.Build.0 = Debug|Any CPU
		{8C78FCC6-3511-4E73-8D7D-ADE22ED12195}.Release|Any CPU.ActiveCfg = Release|Any CPU
		{8C78FCC6-3511-4E73-8D7D-ADE22ED12195}.Release|Any CPU.Build.0 = Release|Any CPU
	EndGlobalSection
	GlobalSection(SolutionProperties) = preSolution
		HideSolutionNode = FALSE
	EndGlobalSection
	GlobalSection(ExtensibilityGlobals) = postSolution
		SolutionGuid = {8982FD82-F2E5-4C14-9EF9-7CBF42177E87}
	EndGlobalSection
EndGlobal
